
Microsoft Visual Studio Solution File, Format Version 12.00
# Visual Studio 15
Project("{FAE04EC0-301F-11D3-BF4B-00C04F79EFBC}") = "Cubes", "Cubes.csproj", "{E517CF2F-AF78-54D3-7135-0C8134BDEFD4}"
EndProject
Global
	GlobalSection(SolutionConfigurationPlatforms) = preSolution
		Debug|Any CPU = Debug|Any CPU
		Release|Any CPU = Release|Any CPU
	EndGlobalSection
	GlobalSection(ProjectConfigurationPlatforms) = postSolution
		{E517CF2F-AF78-54D3-7135-0C8134BDEFD4}.Debug|Any CPU.ActiveCfg = Debug|Any CPU
		{E517CF2F-AF78-54D3-7135-0C8134BDEFD4}.Debug|Any CPU.Build.0 = Debug|Any CPU
		{E517CF2F-AF78-54D3-7135-0C8134BDEFD4}.Release|Any CPU.ActiveCfg = Release|Any CPU
		{E517CF2F-AF78-54D3-7135-0C8134BDEFD4}.Release|Any CPU.Build.0 = Release|Any CPU
	EndGlobalSection
	GlobalSection(SolutionProperties) = preSolution
		HideSolutionNode = FALSE
	EndGlobalSection
EndGlobal
